
Microsoft Visual Studio Solution File, Format Version 12.00
# Visual Studio 15
VisualStudioVersion = 15.0.28307.168
MinimumVisualStudioVersion = 10.0.40219.1
Project("{FAE04EC0-301F-11D3-BF4B-00C04F79EFBC}") = "Aula1", "Aula1\Aula1.csproj", "{AB8391C2-ACD0-4640-A9D0-B62D269D822F}"
EndProject
Global
	GlobalSection(SolutionConfigurationPlatforms) = preSolution
		Debug|Any CPU = Debug|Any CPU
		Release|Any CPU = Release|Any CPU
	EndGlobalSection
	GlobalSection(ProjectConfigurationPlatforms) = postSolution
		{AB8391C2-ACD0-4640-A9D0-B62D269D822F}.Debug|Any CPU.ActiveCfg = Debug|Any CPU
		{AB8391C2-ACD0-4640-A9D0-B62D269D822F}.Debug|Any CPU.Build.0 = Debug|Any CPU
		{AB8391C2-ACD0-4640-A9D0-B62D269D822F}.Release|Any CPU.ActiveCfg = Release|Any CPU
		{AB8391C2-ACD0-4640-A9D0-B62D269D822F}.Release|Any CPU.Build.0 = Release|Any CPU
	EndGlobalSection
	GlobalSection(SolutionProperties) = preSolution
		HideSolutionNode = FALSE
	EndGlobalSection
	GlobalSection(ExtensibilityGlobals) = postSolution
		SolutionGuid = {803C3ADA-E5F8-4364-9F74-3C41FB592456}
	EndGlobalSection
EndGlobal
